
Microsoft Visual Studio Solution File, Format Version 12.00
# Visual Studio 15
VisualStudioVersion = 15.0.27703.2042
MinimumVisualStudioVersion = 10.0.40219.1
Project("{FAE04EC0-301F-11D3-BF4B-00C04F79EFBC}") = "Expresso.Android", "Expresso\Expresso.Android\Expresso.Android.csproj", "{567E1F81-7A8B-4C46-A62E-379BD28ACE81}"
EndProject
Project("{FAE04EC0-301F-11D3-BF4B-00C04F79EFBC}") = "Expresso.iOS", "Expresso\Expresso.iOS\Expresso.iOS.csproj", "{22F1E8C8-46A8-422F-B5DC-D48CBED660AF}"
EndProject
Project("{FAE04EC0-301F-11D3-BF4B-00C04F79EFBC}") = "Expresso", "Expresso\Expresso\Expresso.csproj", "{BAB16D31-1230-410A-854D-6EC9DC2A4FC8}"
EndProject
Global
	GlobalSection(SolutionConfigurationPlatforms) = preSolution
		Ad-Hoc|Any CPU = Ad-Hoc|Any CPU
		Ad-Hoc|iPhone = Ad-Hoc|iPhone
		Ad-Hoc|iPhoneSimulator = Ad-Hoc|iPhoneSimulator
		AppStore|Any CPU = AppStore|Any CPU
		AppStore|iPhone = AppStore|iPhone
		AppStore|iPhoneSimulator = AppStore|iPhoneSimulator
		Debug|Any CPU = Debug|Any CPU
		Debug|iPhone = Debug|iPhone
		Debug|iPhoneSimulator = Debug|iPhoneSimulator
		Release|Any CPU = Release|Any CPU
		Release|iPhone = Release|iPhone
		Release|iPhoneSimulator = Release|iPhoneSimulator
	EndGlobalSection
	GlobalSection(ProjectConfigurationPlatforms) = postSolution
		{567E1F81-7A8B-4C46-A62E-379BD28ACE81}.Ad-Hoc|Any CPU.ActiveCfg = Release|Any CPU
		{567E1F81-7A8B-4C46-A62E-379BD28ACE81}.Ad-Hoc|Any CPU.Build.0 = Release|Any CPU
		{567E1F81-7A8B-4C46-A62E-379BD28ACE81}.Ad-Hoc|Any CPU.Deploy.0 = Release|Any CPU
		{567E1F81-7A8B-4C46-A62E-379BD28ACE81}.Ad-Hoc|iPhone.ActiveCfg = Release|Any CPU
		{567E1F81-7A8B-4C46-A62E-379BD28ACE81}.Ad-Hoc|iPhone.Build.0 = Release|Any CPU
		{567E1F81-7A8B-4C46-A62E-379BD28ACE81}.Ad-Hoc|iPhone.Deploy.0 = Release|Any CPU
		{567E1F81-7A8B-4C46-A62E-379BD28ACE81}.Ad-Hoc|iPhoneSimulator.ActiveCfg = Release|Any CPU
		{567E1F81-7A8B-4C46-A62E-379BD28ACE81}.Ad-Hoc|iPhoneSimulator.Build.0 = Release|Any CPU
		{567E1F81-7A8B-4C46-A62E-379BD28ACE81}.Ad-Hoc|iPhoneSimulator.Deploy.0 = Release|Any CPU
		{567E1F81-7A8B-4C46-A62E-379BD28ACE81}.AppStore|Any CPU.ActiveCfg = Release|Any CPU
		{567E1F81-7A8B-4C46-A62E-379BD28ACE81}.AppStore|Any CPU.Build.0 = Release|Any CPU
		{567E1F81-7A8B-4C46-A62E-379BD28ACE81}.AppStore|Any CPU.Deploy.0 = Release|Any CPU
		{567E1F81-7A8B-4C46-A62E-379BD28ACE81}.AppStore|iPhone.ActiveCfg = Release|Any CPU
		{567E1F81-7A8B-4C46-A62E-379BD28ACE81}.AppStore|iPhone.Build.0 = Release|Any CPU
		{567E1F81-7A8B-4C46-A62E-379BD28ACE81}.AppStore|iPhone.Deploy.0 = Release|Any CPU
		{567E1F81-7A8B-4C46-A62E-379BD28ACE81}.AppStore|iPhoneSimulator.ActiveCfg = Release|Any CPU
		{567E1F81-7A8B-4C46-A62E-379BD28ACE81}.AppStore|iPhoneSimulator.Build.0 = Release|Any CPU
		{567E1F81-7A8B-4C46-A62E-379BD28ACE81}.AppStore|iPhoneSimulator.Deploy.0 = Release|Any CPU
		{567E1F81-7A8B-4C46-A62E-379BD28ACE81}.Debug|Any CPU.ActiveCfg = Debug|Any CPU
		{567E1F81-7A8B-4C46-A62E-379BD28ACE81}.Debug|Any CPU.Build.0 = Debug|Any CPU
		{567E1F81-7A8B-4C46-A62E-379BD28ACE81}.Debug|Any CPU.Deploy.0 = Debug|Any CPU
		{567E1F81-7A8B-4C46-A62E-379BD28ACE81}.Debug|iPhone.ActiveCfg = Debug|Any CPU
		{567E1F81-7A8B-4C46-A62E-379BD28ACE81}.Debug|iPhone.Build.0 = Debug|Any CPU
		{567E1F81-7A8B-4C46-A62E-379BD28ACE81}.Debug|iPhone.Deploy.0 = Debug|Any CPU
		{567E1F81-7A8B-4C46-A62E-379BD28ACE81}.Debug|iPhoneSimulator.ActiveCfg = Debug|Any CPU
		{567E1F81-7A8B-4C46-A62E-379BD28ACE81}.Debug|iPhoneSimulator.Build.0 = Debug|Any CPU
		{567E1F81-7A8B-4C46-A62E-379BD28ACE81}.Debug|iPhoneSimulator.Deploy.0 = Debug|Any CPU
		{567E1F81-7A8B-4C46-A62E-379BD28ACE81}.Release|Any CPU.ActiveCfg = Release|Any CPU
		{567E1F81-7A8B-4C46-A62E-379BD28ACE81}.Release|Any CPU.Build.0 = Release|Any CPU
		{567E1F81-7A8B-4C46-A62E-379BD28ACE81}.Release|Any CPU.Deploy.0 = Release|Any CPU
		{567E1F81-7A8B-4C46-A62E-379BD28ACE81}.Release|iPhone.ActiveCfg = Release|Any CPU
		{567E1F81-7A8B-4C46-A62E-379BD28ACE81}.Release|iPhone.Build.0 = Release|Any CPU
		{567E1F81-7A8B-4C46-A62E-379BD28ACE81}.Release|iPhone.Deploy.0 = Release|Any CPU
		{567E1F81-7A8B-4C46-A62E-379BD28ACE81}.Release|iPhoneSimulator.ActiveCfg = Release|Any CPU
		{567E1F81-7A8B-4C46-A62E-379BD28ACE81}.Release|iPhoneSimulator.Build.0 = Release|Any CPU
		{567E1F81-7A8B-4C46-A62E-379BD28ACE81}.Release|iPhoneSimulator.Deploy.0 = Release|Any CPU
		{22F1E8C8-46A8-422F-B5DC-D48CBED660AF}.Ad-Hoc|Any CPU.ActiveCfg = Ad-Hoc|iPhone
		{22F1E8C8-46A8-422F-B5DC-D48CBED660AF}.Ad-Hoc|Any CPU.Build.0 = Ad-Hoc|iPhone
		{22F1E8C8-46A8-422F-B5DC-D48CBED660AF}.Ad-Hoc|Any CPU.Deploy.0 = Ad-Hoc|iPhone
		{22F1E8C8-46A8-422F-B5DC-D48CBED660AF}.Ad-Hoc|iPhone.ActiveCfg = Ad-Hoc|iPhone
		{22F1E8C8-46A8-422F-B5DC-D48CBED660AF}.Ad-Hoc|iPhone.Build.0 = Ad-Hoc|iPhone
		{22F1E8C8-46A8-422F-B5DC-D48CBED660AF}.Ad-Hoc|iPhone.Deploy.0 = Ad-Hoc|iPhone
		{22F1E8C8-46A8-422F-B5DC-D48CBED660AF}.Ad-Hoc|iPhoneSimulator.ActiveCfg = Ad-Hoc|iPhoneSimulator
		{22F1E8C8-46A8-422F-B5DC-D48CBED660AF}.Ad-Hoc|iPhoneSimulator.Build.0 = Ad-Hoc|iPhoneSimulator
		{22F1E8C8-46A8-422F-B5DC-D48CBED660AF}.Ad-Hoc|iPhoneSimulator.Deploy.0 = Ad-Hoc|iPhoneSimulator
		{22F1E8C8-46A8-422F-B5DC-D48CBED660AF}.AppStore|Any CPU.ActiveCfg = AppStore|iPhone
		{22F1E8C8-46A8-422F-B5DC-D48CBED660AF}.AppStore|Any CPU.Build.0 = AppStore|iPhone
		{22F1E8C8-46A8-422F-B5DC-D48CBED660AF}.AppStore|Any CPU.Deploy.0 = AppStore|iPhone
		{22F1E8C8-46A8-422F-B5DC-D48CBED660AF}.AppStore|iPhone.ActiveCfg = AppStore|iPhone
		{22F1E8C8-46A8-422F-B5DC-D48CBED660AF}.AppStore|iPhone.Build.0 = AppStore|iPhone
		{22F1E8C8-46A8-422F-B5DC-D48CBED660AF}.AppStore|iPhone.Deploy.0 = AppStore|iPhone
		{22F1E8C8-46A8-422F-B5DC-D48CBED660AF}.AppStore|iPhoneSimulator.ActiveCfg = AppStore|iPhoneSimulator
		{22F1E8C8-46A8-422F-B5DC-D48CBED660AF}.AppStore|iPhoneSimulator.Build.0 = AppStore|iPhoneSimulator
		{22F1E8C8-46A8-422F-B5DC-D48CBED660AF}.AppStore|iPhoneSimulator.Deploy.0 = AppStore|iPhoneSimulator
		{22F1E8C8-46A8-422F-B5DC-D48CBED660AF}.Debug|Any CPU.ActiveCfg = Debug|iPhoneSimulator
		{22F1E8C8-46A8-422F-B5DC-D48CBED660AF}.Debug|Any CPU.Build.0 = Debug|iPhoneSimulator
		{22F1E8C8-46A8-422F-B5DC-D48CBED660AF}.Debug|Any CPU.Deploy.0 = Debug|iPhoneSimulator
		{22F1E8C8-46A8-422F-B5DC-D48CBED660AF}.Debug|iPhone.ActiveCfg = Debug|iPhone
		{22F1E8C8-46A8-422F-B5DC-D48CBED660AF}.Debug|iPhone.Build.0 = Debug|iPhone
		{22F1E8C8-46A8-422F-B5DC-D48CBED660AF}.Debug|iPhone.Deploy.0 = Debug|iPhone
		{22F1E8C8-46A8-422F-B5DC-D48CBED660AF}.Debug|iPhoneSimulator.ActiveCfg = Debug|iPhoneSimulator
		{22F1E8C8-46A8-422F-B5DC-D48CBED660AF}.Debug|iPhoneSimulator.Build.0 = Debug|iPhoneSimulator
		{22F1E8C8-46A8-422F-B5DC-D48CBED660AF}.Debug|iPhoneSimulator.Deploy.0 = Debug|iPhoneSimulator
		{22F1E8C8-46A8-422F-B5DC-D48CBED660AF}.Release|Any CPU.ActiveCfg = Release|iPhone
		{22F1E8C8-46A8-422F-B5DC-D48CBED660AF}.Release|Any CPU.Build.0 = Release|iPhone
		{22F1E8C8-46A8-422F-B5DC-D48CBED660AF}.Release|Any CPU.Deploy.0 = Release|iPhone
		{22F1E8C8-46A8-422F-B5DC-D48CBED660AF}.Release|iPhone.ActiveCfg = Release|iPhone
		{22F1E8C8-46A8-422F-B5DC-D48CBED660AF}.Release|iPhone.Build.0 = Release|iPhone
		{22F1E8C8-46A8-422F-B5DC-D48CBED660AF}.Release|iPhone.Deploy.0 = Release|iPhone
		{22F1E8C8-46A8-422F-B5DC-D48CBED660AF}.Release|iPhoneSimulator.ActiveCfg = Release|iPhoneSimulator
		{22F1E8C8-46A8-422F-B5DC-D48CBED660AF}.Release|iPhoneSimulator.Build.0 = Release|iPhoneSimulator
		{22F1E8C8-46A8-422F-B5DC-D48CBED660AF}.Release|iPhoneSimulator.Deploy.0 = Release|iPhoneSimulator
		{BAB16D31-1230-410A-854D-6EC9DC2A4FC8}.Ad-Hoc|Any CPU.ActiveCfg = Debug|Any CPU
		{BAB16D31-1230-410A-854D-6EC9DC2A4FC8}.Ad-Hoc|Any CPU.Build.0 = Debug|Any CPU
		{BAB16D31-1230-410A-854D-6EC9DC2A4FC8}.Ad-Hoc|Any CPU.Deploy.0 = Debug|Any CPU
		{BAB16D31-1230-410A-854D-6EC9DC2A4FC8}.Ad-Hoc|iPhone.ActiveCfg = Debug|Any CPU
		{BAB16D31-1230-410A-854D-6EC9DC2A4FC8}.Ad-Hoc|iPhone.Build.0 = Debug|Any CPU
		{BAB16D31-1230-410A-854D-6EC9DC2A4FC8}.Ad-Hoc|iPhone.Deploy.0 = Debug|Any CPU
		{BAB16D31-1230-410A-854D-6EC9DC2A4FC8}.Ad-Hoc|iPhoneSimulator.ActiveCfg = Debug|Any CPU
		{BAB16D31-1230-410A-854D-6EC9DC2A4FC8}.Ad-Hoc|iPhoneSimulator.Build.0 = Debug|Any CPU
		{BAB16D31-1230-410A-854D-6EC9DC2A4FC8}.Ad-Hoc|iPhoneSimulator.Deploy.0 = Debug|Any CPU
		{BAB16D31-1230-410A-854D-6EC9DC2A4FC8}.AppStore|Any CPU.ActiveCfg = Debug|Any CPU
		{BAB16D31-1230-410A-854D-6EC9DC2A4FC8}.AppStore|Any CPU.Build.0 = Debug|Any CPU
		{BAB16D31-1230-410A-854D-6EC9DC2A4FC8}.AppStore|Any CPU.Deploy.0 = Debug|Any CPU
		{BAB16D31-1230-410A-854D-6EC9DC2A4FC8}.AppStore|iPhone.ActiveCfg = Debug|Any CPU
		{BAB16D31-1230-410A-854D-6EC9DC2A4FC8}.AppStore|iPhone.Build.0 = Debug|Any CPU
		{BAB16D31-1230-410A-854D-6EC9DC2A4FC8}.AppStore|iPhone.Deploy.0 = Debug|Any CPU
		{BAB16D31-1230-410A-854D-6EC9DC2A4FC8}.AppStore|iPhoneSimulator.ActiveCfg = Debug|Any CPU
		{BAB16D31-1230-410A-854D-6EC9DC2A4FC8}.AppStore|iPhoneSimulator.Build.0 = Debug|Any CPU
		{BAB16D31-1230-410A-854D-6EC9DC2A4FC8}.AppStore|iPhoneSimulator.Deploy.0 = Debug|Any CPU
		{BAB16D31-1230-410A-854D-6EC9DC2A4FC8}.Debug|Any CPU.ActiveCfg = Debug|Any CPU
		{BAB16D31-1230-410A-854D-6EC9DC2A4FC8}.Debug|Any CPU.Build.0 = Debug|Any CPU
		{BAB16D31-1230-410A-854D-6EC9DC2A4FC8}.Debug|Any CPU.Deploy.0 = Debug|Any CPU
		{BAB16D31-1230-410A-854D-6EC9DC2A4FC8}.Debug|iPhone.ActiveCfg = Debug|Any CPU
		{BAB16D31-1230-410A-854D-6EC9DC2A4FC8}.Debug|iPhone.Build.0 = Debug|Any CPU
		{BAB16D31-1230-410A-854D-6EC9DC2A4FC8}.Debug|iPhone.Deploy.0 = Debug|Any CPU
		{BAB16D31-1230-410A-854D-6EC9DC2A4FC8}.Debug|iPhoneSimulator.ActiveCfg = Debug|Any CPU
		{BAB16D31-1230-410A-854D-6EC9DC2A4FC8}.Debug|iPhoneSimulator.Build.0 = Debug|Any CPU
		{BAB16D31-1230-410A-854D-6EC9DC2A4FC8}.Debug|iPhoneSimulator.Deploy.0 = Debug|Any CPU
		{BAB16D31-1230-410A-854D-6EC9DC2A4FC8}.Release|Any CPU.ActiveCfg = Release|Any CPU
		{BAB16D31-1230-410A-854D-6EC9DC2A4FC8}.Release|Any CPU.Build.0 = Release|Any CPU
		{BAB16D31-1230-410A-854D-6EC9DC2A4FC8}.Release|Any CPU.Deploy.0 = Release|Any CPU
		{BAB16D31-1230-410A-854D-6EC9DC2A4FC8}.Release|iPhone.ActiveCfg = Release|Any CPU
		{BAB16D31-1230-410A-854D-6EC9DC2A4FC8}.Release|iPhone.Build.0 = Release|Any CPU
		{BAB16D31-1230-410A-854D-6EC9DC2A4FC8}.Release|iPhone.Deploy.0 = Release|Any CPU
		{BAB16D31-1230-410A-854D-6EC9DC2A4FC8}.Release|iPhoneSimulator.ActiveCfg = Release|Any CPU
		{BAB16D31-1230-410A-854D-6EC9DC2A4FC8}.Release|iPhoneSimulator.Build.0 = Release|Any CPU
		{BAB16D31-1230-410A-854D-6EC9DC2A4FC8}.Release|iPhoneSimulator.Deploy.0 = Release|Any CPU
	EndGlobalSection
	GlobalSection(SolutionProperties) = preSolution
		HideSolutionNode = FALSE
	EndGlobalSection
	GlobalSection(ExtensibilityGlobals) = postSolution
		SolutionGuid = {00F18A40-BA65-42AB-BE76-0009BF5C0F4F}
	EndGlobalSection
EndGlobal
